
Microsoft Visual Studio Solution File, Format Version 12.00
Project("{FAE04EC0-301F-11D3-BF4B-00C04F79EFBC}") = "Shared.Messaging", "Shared.Messaging\Shared.Messaging.csproj", "{84C07827-BB39-49F6-B1DA-0A7F48C9B35E}"
EndProject
Global
	GlobalSection(SolutionConfigurationPlatforms) = preSolution
		Debug|Any CPU = Debug|Any CPU
		Release|Any CPU = Release|Any CPU
	EndGlobalSection
	GlobalSection(ProjectConfigurationPlatforms) = postSolution
		{84C07827-BB39-49F6-B1DA-0A7F48C9B35E}.Debug|Any CPU.ActiveCfg = Debug|Any CPU
		{84C07827-BB39-49F6-B1DA-0A7F48C9B35E}.Debug|Any CPU.Build.0 = Debug|Any CPU
		{84C07827-BB39-49F6-B1DA-0A7F48C9B35E}.Release|Any CPU.ActiveCfg = Release|Any CPU
		{84C07827-BB39-49F6-B1DA-0A7F48C9B35E}.Release|Any CPU.Build.0 = Release|Any CPU
	EndGlobalSection
EndGlobal
